// !$*UTF8*$!
{
	archiveVersion = 1;
	classes = {
	};
	objectVersion = 56;
	objects = {

/* Begin PBXBuildFile section */
		2074C1A02A5FE4CE00815FD0 /* Media.swift in Sources */ = {isa = PBXBuildFile; fileRef = 2074C19F2A5FE4CE00815FD0 /* Media.swift */; };
		20C167DB2A60A81C008768EC /* GenresInteractor.swift in Sources */ = {isa = PBXBuildFile; fileRef = 20C167DA2A60A81C008768EC /* GenresInteractor.swift */; };
		20C167DD2A60A8A2008768EC /* GenresPresenter.swift in Sources */ = {isa = PBXBuildFile; fileRef = 20C167DC2A60A8A2008768EC /* GenresPresenter.swift */; };
		20C167DF2A60A8B6008768EC /* GenresViewController.swift in Sources */ = {isa = PBXBuildFile; fileRef = 20C167DE2A60A8B6008768EC /* GenresViewController.swift */; };
		20C167E12A60A8DC008768EC /* NetworkManager.swift in Sources */ = {isa = PBXBuildFile; fileRef = 20C167E02A60A8DC008768EC /* NetworkManager.swift */; };
		20C167E42A60AD40008768EC /* ProfileViewController.swift in Sources */ = {isa = PBXBuildFile; fileRef = 20C167E32A60AD40008768EC /* ProfileViewController.swift */; };
		20C167E62A60AD57008768EC /* ProfilePresenter.swift in Sources */ = {isa = PBXBuildFile; fileRef = 20C167E52A60AD57008768EC /* ProfilePresenter.swift */; };
		20C167E82A60AD6F008768EC /* ProfileInteractor.swift in Sources */ = {isa = PBXBuildFile; fileRef = 20C167E72A60AD6F008768EC /* ProfileInteractor.swift */; };
		20C167EA2A60AD83008768EC /* ProfileRouter.swift in Sources */ = {isa = PBXBuildFile; fileRef = 20C167E92A60AD83008768EC /* ProfileRouter.swift */; };
		20C167EC2A60AF62008768EC /* Genre.swift in Sources */ = {isa = PBXBuildFile; fileRef = 20C167EB2A60AF62008768EC /* Genre.swift */; };
		20C167F02A611933008768EC /* GenreBuilder.swift in Sources */ = {isa = PBXBuildFile; fileRef = 20C167EF2A611933008768EC /* GenreBuilder.swift */; };
		20C167F32A611D1C008768EC /* GenreCollectionViewCell.swift in Sources */ = {isa = PBXBuildFile; fileRef = 20C167F22A611D1C008768EC /* GenreCollectionViewCell.swift */; };
		20C167F52A6120AD008768EC /* GenreRouter.swift in Sources */ = {isa = PBXBuildFile; fileRef = 20C167F42A6120AD008768EC /* GenreRouter.swift */; };
		20C167FE2A616D07008768EC /* MovieListInteractor.swift in Sources */ = {isa = PBXBuildFile; fileRef = 20C167FA2A616D07008768EC /* MovieListInteractor.swift */; };
		20C167FF2A616D07008768EC /* MovieListViewController.swift in Sources */ = {isa = PBXBuildFile; fileRef = 20C167FB2A616D07008768EC /* MovieListViewController.swift */; };
		20C168002A616D07008768EC /* MovieListPresenter.swift in Sources */ = {isa = PBXBuildFile; fileRef = 20C167FC2A616D07008768EC /* MovieListPresenter.swift */; };
		20C168012A616D07008768EC /* MovieListRouter.swift in Sources */ = {isa = PBXBuildFile; fileRef = 20C167FD2A616D07008768EC /* MovieListRouter.swift */; };
		20F0CEA22A5EE7CE00EDBD3B /* AppDelegate.swift in Sources */ = {isa = PBXBuildFile; fileRef = 20F0CEA12A5EE7CE00EDBD3B /* AppDelegate.swift */; };
		20F0CEAB2A5EE7D100EDBD3B /* Assets.xcassets in Resources */ = {isa = PBXBuildFile; fileRef = 20F0CEAA2A5EE7D100EDBD3B /* Assets.xcassets */; };
		20F0CEAE2A5EE7D100EDBD3B /* LaunchScreen.storyboard in Resources */ = {isa = PBXBuildFile; fileRef = 20F0CEAC2A5EE7D100EDBD3B /* LaunchScreen.storyboard */; };
		20F0CEB92A5EE7D100EDBD3B /* MovieListAppTests.swift in Sources */ = {isa = PBXBuildFile; fileRef = 20F0CEB82A5EE7D100EDBD3B /* MovieListAppTests.swift */; };
		20F0CEC32A5EE7D100EDBD3B /* MovieListAppUITests.swift in Sources */ = {isa = PBXBuildFile; fileRef = 20F0CEC22A5EE7D100EDBD3B /* MovieListAppUITests.swift */; };
		20F0CEC52A5EE7D100EDBD3B /* MovieListAppUITestsLaunchTests.swift in Sources */ = {isa = PBXBuildFile; fileRef = 20F0CEC42A5EE7D100EDBD3B /* MovieListAppUITestsLaunchTests.swift */; };
		20F0CED32A5EE87500EDBD3B /* AppRouter.swift in Sources */ = {isa = PBXBuildFile; fileRef = 20F0CED22A5EE87500EDBD3B /* AppRouter.swift */; };
		20F0CED62A5EE9CD00EDBD3B /* BaseNavigationController.swift in Sources */ = {isa = PBXBuildFile; fileRef = 20F0CED52A5EE9CD00EDBD3B /* BaseNavigationController.swift */; };
		20F0CEDC2A5EEBBA00EDBD3B /* MainViewController.swift in Sources */ = {isa = PBXBuildFile; fileRef = 20F0CEDB2A5EEBBA00EDBD3B /* MainViewController.swift */; };
		20F0CEDE2A5EEDB000EDBD3B /* AppContainer.swift in Sources */ = {isa = PBXBuildFile; fileRef = 20F0CEDD2A5EEDB000EDBD3B /* AppContainer.swift */; };
		6919FC52C7E7146E4C9F9198 /* Pods_MovieListAppTests.framework in Frameworks */ = {isa = PBXBuildFile; fileRef = A45E2807153DE667EA381496 /* Pods_MovieListAppTests.framework */; };
		9E8FAA33EF87F29B7565C1B4 /* Pods_MovieListApp_MovieListAppUITests.framework in Frameworks */ = {isa = PBXBuildFile; fileRef = A8A2D145F407FFC0AD30850C /* Pods_MovieListApp_MovieListAppUITests.framework */; };
		D7EB903915C6A7880853197B /* Pods_MovieListApp.framework in Frameworks */ = {isa = PBXBuildFile; fileRef = 2BFF240ECE759F1ADFC76302 /* Pods_MovieListApp.framework */; };
/* End PBXBuildFile section */

/* Begin PBXContainerItemProxy section */
		20F0CEB52A5EE7D100EDBD3B /* PBXContainerItemProxy */ = {
			isa = PBXContainerItemProxy;
			containerPortal = 20F0CE962A5EE7CE00EDBD3B /* Project object */;
			proxyType = 1;
			remoteGlobalIDString = 20F0CE9D2A5EE7CE00EDBD3B;
			remoteInfo = MovieListApp;
		};
		20F0CEBF2A5EE7D100EDBD3B /* PBXContainerItemProxy */ = {
			isa = PBXContainerItemProxy;
			containerPortal = 20F0CE962A5EE7CE00EDBD3B /* Project object */;
			proxyType = 1;
			remoteGlobalIDString = 20F0CE9D2A5EE7CE00EDBD3B;
			remoteInfo = MovieListApp;
		};
/* End PBXContainerItemProxy section */

/* Begin PBXFileReference section */
		06F93A620E0C8BDF8D631055 /* Pods-MovieListApp.debug.xcconfig */ = {isa = PBXFileReference; includeInIndex = 1; lastKnownFileType = text.xcconfig; name = "Pods-MovieListApp.debug.xcconfig"; path = "Target Support Files/Pods-MovieListApp/Pods-MovieListApp.debug.xcconfig"; sourceTree = "<group>"; };
		2074C19F2A5FE4CE00815FD0 /* Media.swift */ = {isa = PBXFileReference; lastKnownFileType = sourcecode.swift; path = Media.swift; sourceTree = "<group>"; };
		20C167DA2A60A81C008768EC /* GenresInteractor.swift */ = {isa = PBXFileReference; lastKnownFileType = sourcecode.swift; path = GenresInteractor.swift; sourceTree = "<group>"; };
		20C167DC2A60A8A2008768EC /* GenresPresenter.swift */ = {isa = PBXFileReference; lastKnownFileType = sourcecode.swift; path = GenresPresenter.swift; sourceTree = "<group>"; };
		20C167DE2A60A8B6008768EC /* GenresViewController.swift */ = {isa = PBXFileReference; lastKnownFileType = sourcecode.swift; path = GenresViewController.swift; sourceTree = "<group>"; };
		20C167E02A60A8DC008768EC /* NetworkManager.swift */ = {isa = PBXFileReference; lastKnownFileType = sourcecode.swift; path = NetworkManager.swift; sourceTree = "<group>"; };
		20C167E32A60AD40008768EC /* ProfileViewController.swift */ = {isa = PBXFileReference; lastKnownFileType = sourcecode.swift; path = ProfileViewController.swift; sourceTree = "<group>"; };
		20C167E52A60AD57008768EC /* ProfilePresenter.swift */ = {isa = PBXFileReference; lastKnownFileType = sourcecode.swift; path = ProfilePresenter.swift; sourceTree = "<group>"; };
		20C167E72A60AD6F008768EC /* ProfileInteractor.swift */ = {isa = PBXFileReference; lastKnownFileType = sourcecode.swift; path = ProfileInteractor.swift; sourceTree = "<group>"; };
		20C167E92A60AD83008768EC /* ProfileRouter.swift */ = {isa = PBXFileReference; lastKnownFileType = sourcecode.swift; path = ProfileRouter.swift; sourceTree = "<group>"; };
		20C167EB2A60AF62008768EC /* Genre.swift */ = {isa = PBXFileReference; lastKnownFileType = sourcecode.swift; path = Genre.swift; sourceTree = "<group>"; };
		20C167EF2A611933008768EC /* GenreBuilder.swift */ = {isa = PBXFileReference; lastKnownFileType = sourcecode.swift; path = GenreBuilder.swift; sourceTree = "<group>"; };
		20C167F22A611D1C008768EC /* GenreCollectionViewCell.swift */ = {isa = PBXFileReference; lastKnownFileType = sourcecode.swift; path = GenreCollectionViewCell.swift; sourceTree = "<group>"; };
		20C167F42A6120AD008768EC /* GenreRouter.swift */ = {isa = PBXFileReference; lastKnownFileType = sourcecode.swift; path = GenreRouter.swift; sourceTree = "<group>"; };
		20C167FA2A616D07008768EC /* MovieListInteractor.swift */ = {isa = PBXFileReference; fileEncoding = 4; lastKnownFileType = sourcecode.swift; path = MovieListInteractor.swift; sourceTree = "<group>"; };
		20C167FB2A616D07008768EC /* MovieListViewController.swift */ = {isa = PBXFileReference; fileEncoding = 4; lastKnownFileType = sourcecode.swift; path = MovieListViewController.swift; sourceTree = "<group>"; };
		20C167FC2A616D07008768EC /* MovieListPresenter.swift */ = {isa = PBXFileReference; fileEncoding = 4; lastKnownFileType = sourcecode.swift; path = MovieListPresenter.swift; sourceTree = "<group>"; };
		20C167FD2A616D07008768EC /* MovieListRouter.swift */ = {isa = PBXFileReference; fileEncoding = 4; lastKnownFileType = sourcecode.swift; path = MovieListRouter.swift; sourceTree = "<group>"; };
		20F0CE9E2A5EE7CE00EDBD3B /* MovieListApp.app */ = {isa = PBXFileReference; explicitFileType = wrapper.application; includeInIndex = 0; path = MovieListApp.app; sourceTree = BUILT_PRODUCTS_DIR; };
		20F0CEA12A5EE7CE00EDBD3B /* AppDelegate.swift */ = {isa = PBXFileReference; lastKnownFileType = sourcecode.swift; path = AppDelegate.swift; sourceTree = "<group>"; };
		20F0CEAA2A5EE7D100EDBD3B /* Assets.xcassets */ = {isa = PBXFileReference; lastKnownFileType = folder.assetcatalog; path = Assets.xcassets; sourceTree = "<group>"; };
		20F0CEAD2A5EE7D100EDBD3B /* Base */ = {isa = PBXFileReference; lastKnownFileType = file.storyboard; name = Base; path = Base.lproj/LaunchScreen.storyboard; sourceTree = "<group>"; };
		20F0CEAF2A5EE7D100EDBD3B /* Info.plist */ = {isa = PBXFileReference; lastKnownFileType = text.plist.xml; path = Info.plist; sourceTree = "<group>"; };
		20F0CEB42A5EE7D100EDBD3B /* MovieListAppTests.xctest */ = {isa = PBXFileReference; explicitFileType = wrapper.cfbundle; includeInIndex = 0; path = MovieListAppTests.xctest; sourceTree = BUILT_PRODUCTS_DIR; };
		20F0CEB82A5EE7D100EDBD3B /* MovieListAppTests.swift */ = {isa = PBXFileReference; lastKnownFileType = sourcecode.swift; path = MovieListAppTests.swift; sourceTree = "<group>"; };
		20F0CEBE2A5EE7D100EDBD3B /* MovieListAppUITests.xctest */ = {isa = PBXFileReference; explicitFileType = wrapper.cfbundle; includeInIndex = 0; path = MovieListAppUITests.xctest; sourceTree = BUILT_PRODUCTS_DIR; };
		20F0CEC22A5EE7D100EDBD3B /* MovieListAppUITests.swift */ = {isa = PBXFileReference; lastKnownFileType = sourcecode.swift; path = MovieListAppUITests.swift; sourceTree = "<group>"; };
		20F0CEC42A5EE7D100EDBD3B /* MovieListAppUITestsLaunchTests.swift */ = {isa = PBXFileReference; lastKnownFileType = sourcecode.swift; path = MovieListAppUITestsLaunchTests.swift; sourceTree = "<group>"; };
		20F0CED22A5EE87500EDBD3B /* AppRouter.swift */ = {isa = PBXFileReference; lastKnownFileType = sourcecode.swift; path = AppRouter.swift; sourceTree = "<group>"; };
		20F0CED52A5EE9CD00EDBD3B /* BaseNavigationController.swift */ = {isa = PBXFileReference; lastKnownFileType = sourcecode.swift; path = BaseNavigationController.swift; sourceTree = "<group>"; };
		20F0CEDB2A5EEBBA00EDBD3B /* MainViewController.swift */ = {isa = PBXFileReference; lastKnownFileType = sourcecode.swift; path = MainViewController.swift; sourceTree = "<group>"; };
		20F0CEDD2A5EEDB000EDBD3B /* AppContainer.swift */ = {isa = PBXFileReference; lastKnownFileType = sourcecode.swift; path = AppContainer.swift; sourceTree = "<group>"; };
		22049E243D24240C5B738BC8 /* Pods-MovieListAppTests.debug.xcconfig */ = {isa = PBXFileReference; includeInIndex = 1; lastKnownFileType = text.xcconfig; name = "Pods-MovieListAppTests.debug.xcconfig"; path = "Target Support Files/Pods-MovieListAppTests/Pods-MovieListAppTests.debug.xcconfig"; sourceTree = "<group>"; };
		2BFF240ECE759F1ADFC76302 /* Pods_MovieListApp.framework */ = {isa = PBXFileReference; explicitFileType = wrapper.framework; includeInIndex = 0; path = Pods_MovieListApp.framework; sourceTree = BUILT_PRODUCTS_DIR; };
		A45E2807153DE667EA381496 /* Pods_MovieListAppTests.framework */ = {isa = PBXFileReference; explicitFileType = wrapper.framework; includeInIndex = 0; path = Pods_MovieListAppTests.framework; sourceTree = BUILT_PRODUCTS_DIR; };
		A701CD8ED0E2B330EE84A062 /* Pods-MovieListAppTests.release.xcconfig */ = {isa = PBXFileReference; includeInIndex = 1; lastKnownFileType = text.xcconfig; name = "Pods-MovieListAppTests.release.xcconfig"; path = "Target Support Files/Pods-MovieListAppTests/Pods-MovieListAppTests.release.xcconfig"; sourceTree = "<group>"; };
		A8A2D145F407FFC0AD30850C /* Pods_MovieListApp_MovieListAppUITests.framework */ = {isa = PBXFileReference; explicitFileType = wrapper.framework; includeInIndex = 0; path = Pods_MovieListApp_MovieListAppUITests.framework; sourceTree = BUILT_PRODUCTS_DIR; };
		C1018007C66F3EF6DBFE1F0C /* Pods-MovieListApp.release.xcconfig */ = {isa = PBXFileReference; includeInIndex = 1; lastKnownFileType = text.xcconfig; name = "Pods-MovieListApp.release.xcconfig"; path = "Target Support Files/Pods-MovieListApp/Pods-MovieListApp.release.xcconfig"; sourceTree = "<group>"; };
		C67B6C0A87A29E5CCDDA96E3 /* Pods-MovieListApp-MovieListAppUITests.debug.xcconfig */ = {isa = PBXFileReference; includeInIndex = 1; lastKnownFileType = text.xcconfig; name = "Pods-MovieListApp-MovieListAppUITests.debug.xcconfig"; path = "Target Support Files/Pods-MovieListApp-MovieListAppUITests/Pods-MovieListApp-MovieListAppUITests.debug.xcconfig"; sourceTree = "<group>"; };
		CE4BD5B6015A9D41FF50A4A9 /* Pods-MovieListApp-MovieListAppUITests.release.xcconfig */ = {isa = PBXFileReference; includeInIndex = 1; lastKnownFileType = text.xcconfig; name = "Pods-MovieListApp-MovieListAppUITests.release.xcconfig"; path = "Target Support Files/Pods-MovieListApp-MovieListAppUITests/Pods-MovieListApp-MovieListAppUITests.release.xcconfig"; sourceTree = "<group>"; };
/* End PBXFileReference section */

/* Begin PBXFrameworksBuildPhase section */
		20F0CE9B2A5EE7CE00EDBD3B /* Frameworks */ = {
			isa = PBXFrameworksBuildPhase;
			buildActionMask = 2147483647;
			files = (
				D7EB903915C6A7880853197B /* Pods_MovieListApp.framework in Frameworks */,
			);
			runOnlyForDeploymentPostprocessing = 0;
		};
		20F0CEB12A5EE7D100EDBD3B /* Frameworks */ = {
			isa = PBXFrameworksBuildPhase;
			buildActionMask = 2147483647;
			files = (
				6919FC52C7E7146E4C9F9198 /* Pods_MovieListAppTests.framework in Frameworks */,
			);
			runOnlyForDeploymentPostprocessing = 0;
		};
		20F0CEBB2A5EE7D100EDBD3B /* Frameworks */ = {
			isa = PBXFrameworksBuildPhase;
			buildActionMask = 2147483647;
			files = (
				9E8FAA33EF87F29B7565C1B4 /* Pods_MovieListApp_MovieListAppUITests.framework in Frameworks */,
			);
			runOnlyForDeploymentPostprocessing = 0;
		};
/* End PBXFrameworksBuildPhase section */

/* Begin PBXGroup section */
		2074C19E2A5FE4BE00815FD0 /* Entities */ = {
			isa = PBXGroup;
			children = (
				2074C19F2A5FE4CE00815FD0 /* Media.swift */,
				20C167EB2A60AF62008768EC /* Genre.swift */,
			);
			path = Entities;
			sourceTree = "<group>";
		};
		20C167CA2A609A35008768EC /* Network */ = {
			isa = PBXGroup;
			children = (
				20C167E02A60A8DC008768EC /* NetworkManager.swift */,
			);
			path = Network;
			sourceTree = "<group>";
		};
		20C167D92A60A7FB008768EC /* Genre */ = {
			isa = PBXGroup;
			children = (
				20C167F12A611D13008768EC /* Cell */,
				20C167DA2A60A81C008768EC /* GenresInteractor.swift */,
				20C167DC2A60A8A2008768EC /* GenresPresenter.swift */,
				20C167DE2A60A8B6008768EC /* GenresViewController.swift */,
				20C167EF2A611933008768EC /* GenreBuilder.swift */,
				20C167F42A6120AD008768EC /* GenreRouter.swift */,
			);
			path = Genre;
			sourceTree = "<group>";
		};
		20C167E22A60AD24008768EC /* Profile */ = {
			isa = PBXGroup;
			children = (
				20C167E32A60AD40008768EC /* ProfileViewController.swift */,
				20C167E52A60AD57008768EC /* ProfilePresenter.swift */,
				20C167E72A60AD6F008768EC /* ProfileInteractor.swift */,
				20C167E92A60AD83008768EC /* ProfileRouter.swift */,
			);
			path = Profile;
			sourceTree = "<group>";
		};
		20C167F12A611D13008768EC /* Cell */ = {
			isa = PBXGroup;
			children = (
				20C167F22A611D1C008768EC /* GenreCollectionViewCell.swift */,
			);
			path = Cell;
			sourceTree = "<group>";
		};
		20C167F92A616D07008768EC /* MovieList */ = {
			isa = PBXGroup;
			children = (
				20C167FA2A616D07008768EC /* MovieListInteractor.swift */,
				20C167FB2A616D07008768EC /* MovieListViewController.swift */,
				20C167FC2A616D07008768EC /* MovieListPresenter.swift */,
				20C167FD2A616D07008768EC /* MovieListRouter.swift */,
			);
			name = MovieList;
			path = ../../../../CIVIPERGenerator/MovieList;
			sourceTree = "<group>";
		};
		20F0CE952A5EE7CE00EDBD3B = {
			isa = PBXGroup;
			children = (
				20F0CEA02A5EE7CE00EDBD3B /* MovieListApp */,
				20F0CEB72A5EE7D100EDBD3B /* MovieListAppTests */,
				20F0CEC12A5EE7D100EDBD3B /* MovieListAppUITests */,
				20F0CE9F2A5EE7CE00EDBD3B /* Products */,
				F7F039424517FD1C97DD6740 /* Pods */,
				AAE5AEBA7822E3B0B53A5AD4 /* Frameworks */,
			);
			sourceTree = "<group>";
		};
		20F0CE9F2A5EE7CE00EDBD3B /* Products */ = {
			isa = PBXGroup;
			children = (
				20F0CE9E2A5EE7CE00EDBD3B /* MovieListApp.app */,
				20F0CEB42A5EE7D100EDBD3B /* MovieListAppTests.xctest */,
				20F0CEBE2A5EE7D100EDBD3B /* MovieListAppUITests.xctest */,
			);
			name = Products;
			sourceTree = "<group>";
		};
		20F0CEA02A5EE7CE00EDBD3B /* MovieListApp */ = {
			isa = PBXGroup;
			children = (
				20F0CED12A5EE7E800EDBD3B /* App */,
				20F0CEAA2A5EE7D100EDBD3B /* Assets.xcassets */,
				20F0CED42A5EE9B700EDBD3B /* Base */,
				2074C19E2A5FE4BE00815FD0 /* Entities */,
				20F0CEAF2A5EE7D100EDBD3B /* Info.plist */,
				20F0CEAC2A5EE7D100EDBD3B /* LaunchScreen.storyboard */,
				20F0CED72A5EEAF900EDBD3B /* Modules */,
			);
			path = MovieListApp;
			sourceTree = "<group>";
		};
		20F0CEB72A5EE7D100EDBD3B /* MovieListAppTests */ = {
			isa = PBXGroup;
			children = (
				20F0CEB82A5EE7D100EDBD3B /* MovieListAppTests.swift */,
			);
			path = MovieListAppTests;
			sourceTree = "<group>";
		};
		20F0CEC12A5EE7D100EDBD3B /* MovieListAppUITests */ = {
			isa = PBXGroup;
			children = (
				20F0CEC22A5EE7D100EDBD3B /* MovieListAppUITests.swift */,
				20F0CEC42A5EE7D100EDBD3B /* MovieListAppUITestsLaunchTests.swift */,
			);
			path = MovieListAppUITests;
			sourceTree = "<group>";
		};
		20F0CED12A5EE7E800EDBD3B /* App */ = {
			isa = PBXGroup;
			children = (
				20F0CEA12A5EE7CE00EDBD3B /* AppDelegate.swift */,
				20F0CED22A5EE87500EDBD3B /* AppRouter.swift */,
				20F0CEDD2A5EEDB000EDBD3B /* AppContainer.swift */,
			);
			path = App;
			sourceTree = "<group>";
		};
		20F0CED42A5EE9B700EDBD3B /* Base */ = {
			isa = PBXGroup;
			children = (
				20F0CED52A5EE9CD00EDBD3B /* BaseNavigationController.swift */,
			);
			path = Base;
			sourceTree = "<group>";
		};
		20F0CED72A5EEAF900EDBD3B /* Modules */ = {
			isa = PBXGroup;
			children = (
				20C167F92A616D07008768EC /* MovieList */,
				20C167E22A60AD24008768EC /* Profile */,
				20C167D92A60A7FB008768EC /* Genre */,
				20C167CA2A609A35008768EC /* Network */,
				20F0CED82A5EEB0F00EDBD3B /* MainView */,
			);
			path = Modules;
			sourceTree = "<group>";
		};
		20F0CED82A5EEB0F00EDBD3B /* MainView */ = {
			isa = PBXGroup;
			children = (
				20F0CEDB2A5EEBBA00EDBD3B /* MainViewController.swift */,
			);
			path = MainView;
			sourceTree = "<group>";
		};
		AAE5AEBA7822E3B0B53A5AD4 /* Frameworks */ = {
			isa = PBXGroup;
			children = (
				2BFF240ECE759F1ADFC76302 /* Pods_MovieListApp.framework */,
				A8A2D145F407FFC0AD30850C /* Pods_MovieListApp_MovieListAppUITests.framework */,
				A45E2807153DE667EA381496 /* Pods_MovieListAppTests.framework */,
			);
			name = Frameworks;
			sourceTree = "<group>";
		};
		F7F039424517FD1C97DD6740 /* Pods */ = {
			isa = PBXGroup;
			children = (
				06F93A620E0C8BDF8D631055 /* Pods-MovieListApp.debug.xcconfig */,
				C1018007C66F3EF6DBFE1F0C /* Pods-MovieListApp.release.xcconfig */,
				C67B6C0A87A29E5CCDDA96E3 /* Pods-MovieListApp-MovieListAppUITests.debug.xcconfig */,
				CE4BD5B6015A9D41FF50A4A9 /* Pods-MovieListApp-MovieListAppUITests.release.xcconfig */,
				22049E243D24240C5B738BC8 /* Pods-MovieListAppTests.debug.xcconfig */,
				A701CD8ED0E2B330EE84A062 /* Pods-MovieListAppTests.release.xcconfig */,
			);
			path = Pods;
			sourceTree = "<group>";
		};
/* End PBXGroup section */

/* Begin PBXNativeTarget section */
		20F0CE9D2A5EE7CE00EDBD3B /* MovieListApp */ = {
			isa = PBXNativeTarget;
			buildConfigurationList = 20F0CEC82A5EE7D100EDBD3B /* Build configuration list for PBXNativeTarget "MovieListApp" */;
			buildPhases = (
				9D935D0013D305AED2E4A0E1 /* [CP] Check Pods Manifest.lock */,
				20F0CE9A2A5EE7CE00EDBD3B /* Sources */,
				20F0CE9B2A5EE7CE00EDBD3B /* Frameworks */,
				20F0CE9C2A5EE7CE00EDBD3B /* Resources */,
				93361D7F7571E84D48AAD129 /* [CP] Embed Pods Frameworks */,
			);
			buildRules = (
			);
			dependencies = (
			);
			name = MovieListApp;
			productName = MovieListApp;
			productReference = 20F0CE9E2A5EE7CE00EDBD3B /* MovieListApp.app */;
			productType = "com.apple.product-type.application";
		};
		20F0CEB32A5EE7D100EDBD3B /* MovieListAppTests */ = {
			isa = PBXNativeTarget;
			buildConfigurationList = 20F0CECB2A5EE7D100EDBD3B /* Build configuration list for PBXNativeTarget "MovieListAppTests" */;
			buildPhases = (
				E63FBB305E4FCF0A49584D38 /* [CP] Check Pods Manifest.lock */,
				20F0CEB02A5EE7D100EDBD3B /* Sources */,
				20F0CEB12A5EE7D100EDBD3B /* Frameworks */,
				20F0CEB22A5EE7D100EDBD3B /* Resources */,
			);
			buildRules = (
			);
			dependencies = (
				20F0CEB62A5EE7D100EDBD3B /* PBXTargetDependency */,
			);
			name = MovieListAppTests;
			productName = MovieListAppTests;
			productReference = 20F0CEB42A5EE7D100EDBD3B /* MovieListAppTests.xctest */;
			productType = "com.apple.product-type.bundle.unit-test";
		};
		20F0CEBD2A5EE7D100EDBD3B /* MovieListAppUITests */ = {
			isa = PBXNativeTarget;
			buildConfigurationList = 20F0CECE2A5EE7D100EDBD3B /* Build configuration list for PBXNativeTarget "MovieListAppUITests" */;
			buildPhases = (
				15E91A8124709963D2F057F0 /* [CP] Check Pods Manifest.lock */,
				20F0CEBA2A5EE7D100EDBD3B /* Sources */,
				20F0CEBB2A5EE7D100EDBD3B /* Frameworks */,
				20F0CEBC2A5EE7D100EDBD3B /* Resources */,
				ED34130E00D8F4E47B053BC3 /* [CP] Embed Pods Frameworks */,
			);
			buildRules = (
			);
			dependencies = (
				20F0CEC02A5EE7D100EDBD3B /* PBXTargetDependency */,
			);
			name = MovieListAppUITests;
			productName = MovieListAppUITests;
			productReference = 20F0CEBE2A5EE7D100EDBD3B /* MovieListAppUITests.xctest */;
			productType = "com.apple.product-type.bundle.ui-testing";
		};
/* End PBXNativeTarget section */

/* Begin PBXProject section */
		20F0CE962A5EE7CE00EDBD3B /* Project object */ = {
			isa = PBXProject;
			attributes = {
				BuildIndependentTargetsInParallel = 1;
				LastSwiftUpdateCheck = 1420;
				LastUpgradeCheck = 1420;
				TargetAttributes = {
					20F0CE9D2A5EE7CE00EDBD3B = {
						CreatedOnToolsVersion = 14.2;
					};
					20F0CEB32A5EE7D100EDBD3B = {
						CreatedOnToolsVersion = 14.2;
						TestTargetID = 20F0CE9D2A5EE7CE00EDBD3B;
					};
					20F0CEBD2A5EE7D100EDBD3B = {
						CreatedOnToolsVersion = 14.2;
						TestTargetID = 20F0CE9D2A5EE7CE00EDBD3B;
					};
				};
			};
			buildConfigurationList = 20F0CE992A5EE7CE00EDBD3B /* Build configuration list for PBXProject "MovieListApp" */;
			compatibilityVersion = "Xcode 14.0";
			developmentRegion = en;
			hasScannedForEncodings = 0;
			knownRegions = (
				en,
				Base,
			);
			mainGroup = 20F0CE952A5EE7CE00EDBD3B;
			productRefGroup = 20F0CE9F2A5EE7CE00EDBD3B /* Products */;
			projectDirPath = "";
			projectRoot = "";
			targets = (
				20F0CE9D2A5EE7CE00EDBD3B /* MovieListApp */,
				20F0CEB32A5EE7D100EDBD3B /* MovieListAppTests */,
				20F0CEBD2A5EE7D100EDBD3B /* MovieListAppUITests */,
			);
		};
/* End PBXProject section */

/* Begin PBXResourcesBuildPhase section */
		20F0CE9C2A5EE7CE00EDBD3B /* Resources */ = {
			isa = PBXResourcesBuildPhase;
			buildActionMask = 2147483647;
			files = (
				20F0CEAE2A5EE7D100EDBD3B /* LaunchScreen.storyboard in Resources */,
				20F0CEAB2A5EE7D100EDBD3B /* Assets.xcassets in Resources */,
			);
			runOnlyForDeploymentPostprocessing = 0;
		};
		20F0CEB22A5EE7D100EDBD3B /* Resources */ = {
			isa = PBXResourcesBuildPhase;
			buildActionMask = 2147483647;
			files = (
			);
			runOnlyForDeploymentPostprocessing = 0;
		};
		20F0CEBC2A5EE7D100EDBD3B /* Resources */ = {
			isa = PBXResourcesBuildPhase;
			buildActionMask = 2147483647;
			files = (
			);
			runOnlyForDeploymentPostprocessing = 0;
		};
/* End PBXResourcesBuildPhase section */

/* Begin PBXShellScriptBuildPhase section */
		15E91A8124709963D2F057F0 /* [CP] Check Pods Manifest.lock */ = {
			isa = PBXShellScriptBuildPhase;
			buildActionMask = 2147483647;
			files = (
			);
			inputFileListPaths = (
			);
			inputPaths = (
				"${PODS_PODFILE_DIR_PATH}/Podfile.lock",
				"${PODS_ROOT}/Manifest.lock",
			);
			name = "[CP] Check Pods Manifest.lock";
			outputFileListPaths = (
			);
			outputPaths = (
				"$(DERIVED_FILE_DIR)/Pods-MovieListApp-MovieListAppUITests-checkManifestLockResult.txt",
			);
			runOnlyForDeploymentPostprocessing = 0;
			shellPath = /bin/sh;
			shellScript = "diff \"${PODS_PODFILE_DIR_PATH}/Podfile.lock\" \"${PODS_ROOT}/Manifest.lock\" > /dev/null\nif [ $? != 0 ] ; then\n    # print error to STDERR\n    echo \"error: The sandbox is not in sync with the Podfile.lock. Run 'pod install' or update your CocoaPods installation.\" >&2\n    exit 1\nfi\n# This output is used by Xcode 'outputs' to avoid re-running this script phase.\necho \"SUCCESS\" > \"${SCRIPT_OUTPUT_FILE_0}\"\n";
			showEnvVarsInLog = 0;
		};
		93361D7F7571E84D48AAD129 /* [CP] Embed Pods Frameworks */ = {
			isa = PBXShellScriptBuildPhase;
			buildActionMask = 2147483647;
			files = (
			);
			inputFileListPaths = (
				"${PODS_ROOT}/Target Support Files/Pods-MovieListApp/Pods-MovieListApp-frameworks-${CONFIGURATION}-input-files.xcfilelist",
			);
			name = "[CP] Embed Pods Frameworks";
			outputFileListPaths = (
				"${PODS_ROOT}/Target Support Files/Pods-MovieListApp/Pods-MovieListApp-frameworks-${CONFIGURATION}-output-files.xcfilelist",
			);
			runOnlyForDeploymentPostprocessing = 0;
			shellPath = /bin/sh;
			shellScript = "\"${PODS_ROOT}/Target Support Files/Pods-MovieListApp/Pods-MovieListApp-frameworks.sh\"\n";
			showEnvVarsInLog = 0;
		};
		9D935D0013D305AED2E4A0E1 /* [CP] Check Pods Manifest.lock */ = {
			isa = PBXShellScriptBuildPhase;
			buildActionMask = 2147483647;
			files = (
			);
			inputFileListPaths = (
			);
			inputPaths = (
				"${PODS_PODFILE_DIR_PATH}/Podfile.lock",
				"${PODS_ROOT}/Manifest.lock",
			);
			name = "[CP] Check Pods Manifest.lock";
			outputFileListPaths = (
			);
			outputPaths = (
				"$(DERIVED_FILE_DIR)/Pods-MovieListApp-checkManifestLockResult.txt",
			);
			runOnlyForDeploymentPostprocessing = 0;
			shellPath = /bin/sh;
			shellScript = "diff \"${PODS_PODFILE_DIR_PATH}/Podfile.lock\" \"${PODS_ROOT}/Manifest.lock\" > /dev/null\nif [ $? != 0 ] ; then\n    # print error to STDERR\n    echo \"error: The sandbox is not in sync with the Podfile.lock. Run 'pod install' or update your CocoaPods installation.\" >&2\n    exit 1\nfi\n# This output is used by Xcode 'outputs' to avoid re-running this script phase.\necho \"SUCCESS\" > \"${SCRIPT_OUTPUT_FILE_0}\"\n";
			showEnvVarsInLog = 0;
		};
		E63FBB305E4FCF0A49584D38 /* [CP] Check Pods Manifest.lock */ = {
			isa = PBXShellScriptBuildPhase;
			buildActionMask = 2147483647;
			files = (
			);
			inputFileListPaths = (
			);
			inputPaths = (
				"${PODS_PODFILE_DIR_PATH}/Podfile.lock",
				"${PODS_ROOT}/Manifest.lock",
			);
			name = "[CP] Check Pods Manifest.lock";
			outputFileListPaths = (
			);
			outputPaths = (
				"$(DERIVED_FILE_DIR)/Pods-MovieListAppTests-checkManifestLockResult.txt",
			);
			runOnlyForDeploymentPostprocessing = 0;
			shellPath = /bin/sh;
			shellScript = "diff \"${PODS_PODFILE_DIR_PATH}/Podfile.lock\" \"${PODS_ROOT}/Manifest.lock\" > /dev/null\nif [ $? != 0 ] ; then\n    # print error to STDERR\n    echo \"error: The sandbox is not in sync with the Podfile.lock. Run 'pod install' or update your CocoaPods installation.\" >&2\n    exit 1\nfi\n# This output is used by Xcode 'outputs' to avoid re-running this script phase.\necho \"SUCCESS\" > \"${SCRIPT_OUTPUT_FILE_0}\"\n";
			showEnvVarsInLog = 0;
		};
		ED34130E00D8F4E47B053BC3 /* [CP] Embed Pods Frameworks */ = {
			isa = PBXShellScriptBuildPhase;
			buildActionMask = 2147483647;
			files = (
			);
			inputFileListPaths = (
				"${PODS_ROOT}/Target Support Files/Pods-MovieListApp-MovieListAppUITests/Pods-MovieListApp-MovieListAppUITests-frameworks-${CONFIGURATION}-input-files.xcfilelist",
			);
			name = "[CP] Embed Pods Frameworks";
			outputFileListPaths = (
				"${PODS_ROOT}/Target Support Files/Pods-MovieListApp-MovieListAppUITests/Pods-MovieListApp-MovieListAppUITests-frameworks-${CONFIGURATION}-output-files.xcfilelist",
			);
			runOnlyForDeploymentPostprocessing = 0;
			shellPath = /bin/sh;
			shellScript = "\"${PODS_ROOT}/Target Support Files/Pods-MovieListApp-MovieListAppUITests/Pods-MovieListApp-MovieListAppUITests-frameworks.sh\"\n";
			showEnvVarsInLog = 0;
		};
/* End PBXShellScriptBuildPhase section */

/* Begin PBXSourcesBuildPhase section */
		20F0CE9A2A5EE7CE00EDBD3B /* Sources */ = {
			isa = PBXSourcesBuildPhase;
			buildActionMask = 2147483647;
			files = (
				20C167FE2A616D07008768EC /* MovieListInteractor.swift in Sources */,
				20C168002A616D07008768EC /* MovieListPresenter.swift in Sources */,
				20C167DD2A60A8A2008768EC /* GenresPresenter.swift in Sources */,
				20C168012A616D07008768EC /* MovieListRouter.swift in Sources */,
				20F0CED32A5EE87500EDBD3B /* AppRouter.swift in Sources */,
				20C167E82A60AD6F008768EC /* ProfileInteractor.swift in Sources */,
				20C167E12A60A8DC008768EC /* NetworkManager.swift in Sources */,
				20C167DF2A60A8B6008768EC /* GenresViewController.swift in Sources */,
				20F0CEA22A5EE7CE00EDBD3B /* AppDelegate.swift in Sources */,
				20C167EC2A60AF62008768EC /* Genre.swift in Sources */,
				20C167F52A6120AD008768EC /* GenreRouter.swift in Sources */,
				20F0CEDC2A5EEBBA00EDBD3B /* MainViewController.swift in Sources */,
				2074C1A02A5FE4CE00815FD0 /* Media.swift in Sources */,
				20C167FF2A616D07008768EC /* MovieListViewController.swift in Sources */,
				20C167E62A60AD57008768EC /* ProfilePresenter.swift in Sources */,
				20C167EA2A60AD83008768EC /* ProfileRouter.swift in Sources */,
				20F0CED62A5EE9CD00EDBD3B /* BaseNavigationController.swift in Sources */,
				20C167F02A611933008768EC /* GenreBuilder.swift in Sources */,
				20C167E42A60AD40008768EC /* ProfileViewController.swift in Sources */,
				20F0CEDE2A5EEDB000EDBD3B /* AppContainer.swift in Sources */,
				20C167F32A611D1C008768EC /* GenreCollectionViewCell.swift in Sources */,
				20C167DB2A60A81C008768EC /* GenresInteractor.swift in Sources */,
			);
			runOnlyForDeploymentPostprocessing = 0;
		};
		20F0CEB02A5EE7D100EDBD3B /* Sources */ = {
			isa = PBXSourcesBuildPhase;
			buildActionMask = 2147483647;
			files = (
				20F0CEB92A5EE7D100EDBD3B /* MovieListAppTests.swift in Sources */,
			);
			runOnlyForDeploymentPostprocessing = 0;
		};
		20F0CEBA2A5EE7D100EDBD3B /* Sources */ = {
			isa = PBXSourcesBuildPhase;
			buildActionMask = 2147483647;
			files = (
				20F0CEC32A5EE7D100EDBD3B /* MovieListAppUITests.swift in Sources */,
				20F0CEC52A5EE7D100EDBD3B /* MovieListAppUITestsLaunchTests.swift in Sources */,
			);
			runOnlyForDeploymentPostprocessing = 0;
		};
/* End PBXSourcesBuildPhase section */

/* Begin PBXTargetDependency section */
		20F0CEB62A5EE7D100EDBD3B /* PBXTargetDependency */ = {
			isa = PBXTargetDependency;
			target = 20F0CE9D2A5EE7CE00EDBD3B /* MovieListApp */;
			targetProxy = 20F0CEB52A5EE7D100EDBD3B /* PBXContainerItemProxy */;
		};
		20F0CEC02A5EE7D100EDBD3B /* PBXTargetDependency */ = {
			isa = PBXTargetDependency;
			target = 20F0CE9D2A5EE7CE00EDBD3B /* MovieListApp */;
			targetProxy = 20F0CEBF2A5EE7D100EDBD3B /* PBXContainerItemProxy */;
		};
/* End PBXTargetDependency section */

/* Begin PBXVariantGroup section */
		20F0CEAC2A5EE7D100EDBD3B /* LaunchScreen.storyboard */ = {
			isa = PBXVariantGroup;
			children = (
				20F0CEAD2A5EE7D100EDBD3B /* Base */,
			);
			name = LaunchScreen.storyboard;
			sourceTree = "<group>";
		};
/* End PBXVariantGroup section */

/* Begin XCBuildConfiguration section */
		20F0CEC62A5EE7D100EDBD3B /* Debug */ = {
			isa = XCBuildConfiguration;
			buildSettings = {
				ALWAYS_SEARCH_USER_PATHS = NO;
				CLANG_ANALYZER_NONNULL = YES;
				CLANG_ANALYZER_NUMBER_OBJECT_CONVERSION = YES_AGGRESSIVE;
				CLANG_CXX_LANGUAGE_STANDARD = "gnu++20";
				CLANG_ENABLE_MODULES = YES;
				CLANG_ENABLE_OBJC_ARC = YES;
				CLANG_ENABLE_OBJC_WEAK = YES;
				CLANG_WARN_BLOCK_CAPTURE_AUTORELEASING = YES;
				CLANG_WARN_BOOL_CONVERSION = YES;
				CLANG_WARN_COMMA = YES;
				CLANG_WARN_CONSTANT_CONVERSION = YES;
				CLANG_WARN_DEPRECATED_OBJC_IMPLEMENTATIONS = YES;
				CLANG_WARN_DIRECT_OBJC_ISA_USAGE = YES_ERROR;
				CLANG_WARN_DOCUMENTATION_COMMENTS = YES;
				CLANG_WARN_EMPTY_BODY = YES;
				CLANG_WARN_ENUM_CONVERSION = YES;
				CLANG_WARN_INFINITE_RECURSION = YES;
				CLANG_WARN_INT_CONVERSION = YES;
				CLANG_WARN_NON_LITERAL_NULL_CONVERSION = YES;
				CLANG_WARN_OBJC_IMPLICIT_RETAIN_SELF = YES;
				CLANG_WARN_OBJC_LITERAL_CONVERSION = YES;
				CLANG_WARN_OBJC_ROOT_CLASS = YES_ERROR;
				CLANG_WARN_QUOTED_INCLUDE_IN_FRAMEWORK_HEADER = YES;
				CLANG_WARN_RANGE_LOOP_ANALYSIS = YES;
				CLANG_WARN_STRICT_PROTOTYPES = YES;
				CLANG_WARN_SUSPICIOUS_MOVE = YES;
				CLANG_WARN_UNGUARDED_AVAILABILITY = YES_AGGRESSIVE;
				CLANG_WARN_UNREACHABLE_CODE = YES;
				CLANG_WARN__DUPLICATE_METHOD_MATCH = YES;
				COPY_PHASE_STRIP = NO;
				DEBUG_INFORMATION_FORMAT = dwarf;
				ENABLE_STRICT_OBJC_MSGSEND = YES;
				ENABLE_TESTABILITY = YES;
				GCC_C_LANGUAGE_STANDARD = gnu11;
				GCC_DYNAMIC_NO_PIC = NO;
				GCC_NO_COMMON_BLOCKS = YES;
				GCC_OPTIMIZATION_LEVEL = 0;
				GCC_PREPROCESSOR_DEFINITIONS = (
					"DEBUG=1",
					"$(inherited)",
				);
				GCC_WARN_64_TO_32_BIT_CONVERSION = YES;
				GCC_WARN_ABOUT_RETURN_TYPE = YES_ERROR;
				GCC_WARN_UNDECLARED_SELECTOR = YES;
				GCC_WARN_UNINITIALIZED_AUTOS = YES_AGGRESSIVE;
				GCC_WARN_UNUSED_FUNCTION = YES;
				GCC_WARN_UNUSED_VARIABLE = YES;
				IPHONEOS_DEPLOYMENT_TARGET = 16.2;
				MTL_ENABLE_DEBUG_INFO = INCLUDE_SOURCE;
				MTL_FAST_MATH = YES;
				ONLY_ACTIVE_ARCH = YES;
				SDKROOT = iphoneos;
				SWIFT_ACTIVE_COMPILATION_CONDITIONS = DEBUG;
				SWIFT_OPTIMIZATION_LEVEL = "-Onone";
			};
			name = Debug;
		};
		20F0CEC72A5EE7D100EDBD3B /* Release */ = {
			isa = XCBuildConfiguration;
			buildSettings = {
				ALWAYS_SEARCH_USER_PATHS = NO;
				CLANG_ANALYZER_NONNULL = YES;
				CLANG_ANALYZER_NUMBER_OBJECT_CONVERSION = YES_AGGRESSIVE;
				CLANG_CXX_LANGUAGE_STANDARD = "gnu++20";
				CLANG_ENABLE_MODULES = YES;
				CLANG_ENABLE_OBJC_ARC = YES;
				CLANG_ENABLE_OBJC_WEAK = YES;
				CLANG_WARN_BLOCK_CAPTURE_AUTORELEASING = YES;
				CLANG_WARN_BOOL_CONVERSION = YES;
				CLANG_WARN_COMMA = YES;
				CLANG_WARN_CONSTANT_CONVERSION = YES;
				CLANG_WARN_DEPRECATED_OBJC_IMPLEMENTATIONS = YES;
				CLANG_WARN_DIRECT_OBJC_ISA_USAGE = YES_ERROR;
				CLANG_WARN_DOCUMENTATION_COMMENTS = YES;
				CLANG_WARN_EMPTY_BODY = YES;
				CLANG_WARN_ENUM_CONVERSION = YES;
				CLANG_WARN_INFINITE_RECURSION = YES;
				CLANG_WARN_INT_CONVERSION = YES;
				CLANG_WARN_NON_LITERAL_NULL_CONVERSION = YES;
				CLANG_WARN_OBJC_IMPLICIT_RETAIN_SELF = YES;
				CLANG_WARN_OBJC_LITERAL_CONVERSION = YES;
				CLANG_WARN_OBJC_ROOT_CLASS = YES_ERROR;
				CLANG_WARN_QUOTED_INCLUDE_IN_FRAMEWORK_HEADER = YES;
				CLANG_WARN_RANGE_LOOP_ANALYSIS = YES;
				CLANG_WARN_STRICT_PROTOTYPES = YES;
				CLANG_WARN_SUSPICIOUS_MOVE = YES;
				CLANG_WARN_UNGUARDED_AVAILABILITY = YES_AGGRESSIVE;
				CLANG_WARN_UNREACHABLE_CODE = YES;
				CLANG_WARN__DUPLICATE_METHOD_MATCH = YES;
				COPY_PHASE_STRIP = NO;
				DEBUG_INFORMATION_FORMAT = "dwarf-with-dsym";
				ENABLE_NS_ASSERTIONS = NO;
				ENABLE_STRICT_OBJC_MSGSEND = YES;
				GCC_C_LANGUAGE_STANDARD = gnu11;
				GCC_NO_COMMON_BLOCKS = YES;
				GCC_WARN_64_TO_32_BIT_CONVERSION = YES;
				GCC_WARN_ABOUT_RETURN_TYPE = YES_ERROR;
				GCC_WARN_UNDECLARED_SELECTOR = YES;
				GCC_WARN_UNINITIALIZED_AUTOS = YES_AGGRESSIVE;
				GCC_WARN_UNUSED_FUNCTION = YES;
				GCC_WARN_UNUSED_VARIABLE = YES;
				IPHONEOS_DEPLOYMENT_TARGET = 16.2;
				MTL_ENABLE_DEBUG_INFO = NO;
				MTL_FAST_MATH = YES;
				SDKROOT = iphoneos;
				SWIFT_COMPILATION_MODE = wholemodule;
				SWIFT_OPTIMIZATION_LEVEL = "-O";
				VALIDATE_PRODUCT = YES;
			};
			name = Release;
		};
		20F0CEC92A5EE7D100EDBD3B /* Debug */ = {
			isa = XCBuildConfiguration;
			baseConfigurationReference = 06F93A620E0C8BDF8D631055 /* Pods-MovieListApp.debug.xcconfig */;
			buildSettings = {
				ASSETCATALOG_COMPILER_APPICON_NAME = AppIcon;
				ASSETCATALOG_COMPILER_GLOBAL_ACCENT_COLOR_NAME = AccentColor;
				CODE_SIGN_STYLE = Automatic;
				CURRENT_PROJECT_VERSION = 1;
				GENERATE_INFOPLIST_FILE = YES;
				INFOPLIST_FILE = MovieListApp/Info.plist;
				INFOPLIST_KEY_UIApplicationSupportsIndirectInputEvents = YES;
				INFOPLIST_KEY_UILaunchStoryboardName = LaunchScreen.storyboard;
				INFOPLIST_KEY_UISupportedInterfaceOrientations_iPad = "UIInterfaceOrientationPortrait UIInterfaceOrientationPortraitUpsideDown UIInterfaceOrientationLandscapeLeft UIInterfaceOrientationLandscapeRight";
				INFOPLIST_KEY_UISupportedInterfaceOrientations_iPhone = "UIInterfaceOrientationPortrait UIInterfaceOrientationLandscapeLeft UIInterfaceOrientationLandscapeRight";
				LD_RUNPATH_SEARCH_PATHS = (
					"$(inherited)",
					"@executable_path/Frameworks",
				);
				MARKETING_VERSION = 1.0;
				PRODUCT_BUNDLE_IDENTIFIER = dzakwan.MovieListApp;
				PRODUCT_NAME = "$(TARGET_NAME)";
				SWIFT_EMIT_LOC_STRINGS = YES;
				SWIFT_VERSION = 5.0;
				TARGETED_DEVICE_FAMILY = "1,2";
			};
			name = Debug;
		};
		20F0CECA2A5EE7D100EDBD3B /* Release */ = {
			isa = XCBuildConfiguration;
			baseConfigurationReference = C1018007C66F3EF6DBFE1F0C /* Pods-MovieListApp.release.xcconfig */;
			buildSettings = {
				ASSETCATALOG_COMPILER_APPICON_NAME = AppIcon;
				ASSETCATALOG_COMPILER_GLOBAL_ACCENT_COLOR_NAME = AccentColor;
				CODE_SIGN_STYLE = Automatic;
				CURRENT_PROJECT_VERSION = 1;
				GENERATE_INFOPLIST_FILE = YES;
				INFOPLIST_FILE = MovieListApp/Info.plist;
				INFOPLIST_KEY_UIApplicationSupportsIndirectInputEvents = YES;
				INFOPLIST_KEY_UILaunchStoryboardName = LaunchScreen.storyboard;
				INFOPLIST_KEY_UISupportedInterfaceOrientations_iPad = "UIInterfaceOrientationPortrait UIInterfaceOrientationPortraitUpsideDown UIInterfaceOrientationLandscapeLeft UIInterfaceOrientationLandscapeRight";
				INFOPLIST_KEY_UISupportedInterfaceOrientations_iPhone = "UIInterfaceOrientationPortrait UIInterfaceOrientationLandscapeLeft UIInterfaceOrientationLandscapeRight";
				LD_RUNPATH_SEARCH_PATHS = (
					"$(inherited)",
					"@executable_path/Frameworks",
				);
				MARKETING_VERSION = 1.0;
				PRODUCT_BUNDLE_IDENTIFIER = dzakwan.MovieListApp;
				PRODUCT_NAME = "$(TARGET_NAME)";
				SWIFT_EMIT_LOC_STRINGS = YES;
				SWIFT_VERSION = 5.0;
				TARGETED_DEVICE_FAMILY = "1,2";
			};
			name = Release;
		};
		20F0CECC2A5EE7D100EDBD3B /* Debug */ = {
			isa = XCBuildConfiguration;
			baseConfigurationReference = 22049E243D24240C5B738BC8 /* Pods-MovieListAppTests.debug.xcconfig */;
			buildSettings = {
				ALWAYS_EMBED_SWIFT_STANDARD_LIBRARIES = YES;
				BUNDLE_LOADER = "$(TEST_HOST)";
				CODE_SIGN_STYLE = Automatic;
				CURRENT_PROJECT_VERSION = 1;
				GENERATE_INFOPLIST_FILE = YES;
				IPHONEOS_DEPLOYMENT_TARGET = 16.2;
				MARKETING_VERSION = 1.0;
				PRODUCT_BUNDLE_IDENTIFIER = dzakwan.MovieListAppTests;
				PRODUCT_NAME = "$(TARGET_NAME)";
				SWIFT_EMIT_LOC_STRINGS = NO;
				SWIFT_VERSION = 5.0;
				TARGETED_DEVICE_FAMILY = "1,2";
				TEST_HOST = "$(BUILT_PRODUCTS_DIR)/MovieListApp.app/$(BUNDLE_EXECUTABLE_FOLDER_PATH)/MovieListApp";
			};
			name = Debug;
		};
		20F0CECD2A5EE7D100EDBD3B /* Release */ = {
			isa = XCBuildConfiguration;
			baseConfigurationReference = A701CD8ED0E2B330EE84A062 /* Pods-MovieListAppTests.release.xcconfig */;
			buildSettings = {
				ALWAYS_EMBED_SWIFT_STANDARD_LIBRARIES = YES;
				BUNDLE_LOADER = "$(TEST_HOST)";
				CODE_SIGN_STYLE = Automatic;
				CURRENT_PROJECT_VERSION = 1;
				GENERATE_INFOPLIST_FILE = YES;
				IPHONEOS_DEPLOYMENT_TARGET = 16.2;
				MARKETING_VERSION = 1.0;
				PRODUCT_BUNDLE_IDENTIFIER = dzakwan.MovieListAppTests;
				PRODUCT_NAME = "$(TARGET_NAME)";
				SWIFT_EMIT_LOC_STRINGS = NO;
				SWIFT_VERSION = 5.0;
				TARGETED_DEVICE_FAMILY = "1,2";
				TEST_HOST = "$(BUILT_PRODUCTS_DIR)/MovieListApp.app/$(BUNDLE_EXECUTABLE_FOLDER_PATH)/MovieListApp";
			};
			name = Release;
		};
		20F0CECF2A5EE7D100EDBD3B /* Debug */ = {
			isa = XCBuildConfiguration;
			baseConfigurationReference = C67B6C0A87A29E5CCDDA96E3 /* Pods-MovieListApp-MovieListAppUITests.debug.xcconfig */;
			buildSettings = {
				ALWAYS_EMBED_SWIFT_STANDARD_LIBRARIES = YES;
				CODE_SIGN_STYLE = Automatic;
				CURRENT_PROJECT_VERSION = 1;
				GENERATE_INFOPLIST_FILE = YES;
				MARKETING_VERSION = 1.0;
				PRODUCT_BUNDLE_IDENTIFIER = dzakwan.MovieListAppUITests;
				PRODUCT_NAME = "$(TARGET_NAME)";
				SWIFT_EMIT_LOC_STRINGS = NO;
				SWIFT_VERSION = 5.0;
				TARGETED_DEVICE_FAMILY = "1,2";
				TEST_TARGET_NAME = MovieListApp;
			};
			name = Debug;
		};
		20F0CED02A5EE7D100EDBD3B /* Release */ = {
			isa = XCBuildConfiguration;
			baseConfigurationReference = CE4BD5B6015A9D41FF50A4A9 /* Pods-MovieListApp-MovieListAppUITests.release.xcconfig */;
			buildSettings = {
				ALWAYS_EMBED_SWIFT_STANDARD_LIBRARIES = YES;
				CODE_SIGN_STYLE = Automatic;
				CURRENT_PROJECT_VERSION = 1;
				GENERATE_INFOPLIST_FILE = YES;
				MARKETING_VERSION = 1.0;
				PRODUCT_BUNDLE_IDENTIFIER = dzakwan.MovieListAppUITests;
				PRODUCT_NAME = "$(TARGET_NAME)";
				SWIFT_EMIT_LOC_STRINGS = NO;
				SWIFT_VERSION = 5.0;
				TARGETED_DEVICE_FAMILY = "1,2";
				TEST_TARGET_NAME = MovieListApp;
			};
			name = Release;
		};
/* End XCBuildConfiguration section */

/* Begin XCConfigurationList section */
		20F0CE992A5EE7CE00EDBD3B /* Build configuration list for PBXProject "MovieListApp" */ = {
			isa = XCConfigurationList;
			buildConfigurations = (
				20F0CEC62A5EE7D100EDBD3B /* Debug */,
				20F0CEC72A5EE7D100EDBD3B /* Release */,
			);
			defaultConfigurationIsVisible = 0;
			defaultConfigurationName = Release;
		};
		20F0CEC82A5EE7D100EDBD3B /* Build configuration list for PBXNativeTarget "MovieListApp" */ = {
			isa = XCConfigurationList;
			buildConfigurations = (
				20F0CEC92A5EE7D100EDBD3B /* Debug */,
				20F0CECA2A5EE7D100EDBD3B /* Release */,
			);
			defaultConfigurationIsVisible = 0;
			defaultConfigurationName = Release;
		};
		20F0CECB2A5EE7D100EDBD3B /* Build configuration list for PBXNativeTarget "MovieListAppTests" */ = {
			isa = XCConfigurationList;
			buildConfigurations = (
				20F0CECC2A5EE7D100EDBD3B /* Debug */,
				20F0CECD2A5EE7D100EDBD3B /* Release */,
			);
			defaultConfigurationIsVisible = 0;
			defaultConfigurationName = Release;
		};
		20F0CECE2A5EE7D100EDBD3B /* Build configuration list for PBXNativeTarget "MovieListAppUITests" */ = {
			isa = XCConfigurationList;
			buildConfigurations = (
				20F0CECF2A5EE7D100EDBD3B /* Debug */,
				20F0CED02A5EE7D100EDBD3B /* Release */,
			);
			defaultConfigurationIsVisible = 0;
			defaultConfigurationName = Release;
		};
/* End XCConfigurationList section */
	};
	rootObject = 20F0CE962A5EE7CE00EDBD3B /* Project object */;
}
